
Microsoft Visual Studio Solution File, Format Version 12.00
# Visual Studio Version 17
VisualStudioVersion = 17.3.32922.545
MinimumVisualStudioVersion = 10.0.40219.1
Project("{9A19103F-16F7-4668-BE54-9A1E7A4F7556}") = "Bank", "Bank\Bank.csproj", "{9DB26E2E-1AC4-4A5B-8AFE-CF07C122A92F}"
EndProject
Project("{2150E333-8FDC-42A3-9474-1A3956D46DE8}") = "Domain", "Domain", "{F151FFA9-741A-497B-A5A2-23712144AB7A}"
EndProject
Project("{9A19103F-16F7-4668-BE54-9A1E7A4F7556}") = "Bank.Domain", "Bank.Domain\Bank.Domain.csproj", "{EDFC6BE9-AFCB-422F-8059-E2DFF3769733}"
EndProject
Project("{2150E333-8FDC-42A3-9474-1A3956D46DE8}") = "DAL", "DAL", "{CC5335CA-FB2F-4424-9265-0197D4CAC06A}"
EndProject
Project("{9A19103F-16F7-4668-BE54-9A1E7A4F7556}") = "Bank.DAL", "Bank.DAL\Bank.DAL.csproj", "{81A53A5C-4125-4C9F-AF3B-9E9E0ADE443A}"
EndProject
Project("{2150E333-8FDC-42A3-9474-1A3956D46DE8}") = "Service", "Service", "{FDBF05A7-CB84-49B8-985E-480330FC0822}"
EndProject
Project("{9A19103F-16F7-4668-BE54-9A1E7A4F7556}") = "Bank.Service", "Bank.Service\Bank.Service.csproj", "{9F471D39-75D0-43E4-B6FE-681D74092768}"
EndProject
Global
	GlobalSection(SolutionConfigurationPlatforms) = preSolution
		Debug|Any CPU = Debug|Any CPU
		Release|Any CPU = Release|Any CPU
	EndGlobalSection
	GlobalSection(ProjectConfigurationPlatforms) = postSolution
		{9DB26E2E-1AC4-4A5B-8AFE-CF07C122A92F}.Debug|Any CPU.ActiveCfg = Debug|Any CPU
		{9DB26E2E-1AC4-4A5B-8AFE-CF07C122A92F}.Debug|Any CPU.Build.0 = Debug|Any CPU
		{9DB26E2E-1AC4-4A5B-8AFE-CF07C122A92F}.Release|Any CPU.ActiveCfg = Release|Any CPU
		{9DB26E2E-1AC4-4A5B-8AFE-CF07C122A92F}.Release|Any CPU.Build.0 = Release|Any CPU
		{EDFC6BE9-AFCB-422F-8059-E2DFF3769733}.Debug|Any CPU.ActiveCfg = Debug|Any CPU
		{EDFC6BE9-AFCB-422F-8059-E2DFF3769733}.Debug|Any CPU.Build.0 = Debug|Any CPU
		{EDFC6BE9-AFCB-422F-8059-E2DFF3769733}.Release|Any CPU.ActiveCfg = Release|Any CPU
		{EDFC6BE9-AFCB-422F-8059-E2DFF3769733}.Release|Any CPU.Build.0 = Release|Any CPU
		{81A53A5C-4125-4C9F-AF3B-9E9E0ADE443A}.Debug|Any CPU.ActiveCfg = Debug|Any CPU
		{81A53A5C-4125-4C9F-AF3B-9E9E0ADE443A}.Debug|Any CPU.Build.0 = Debug|Any CPU
		{81A53A5C-4125-4C9F-AF3B-9E9E0ADE443A}.Release|Any CPU.ActiveCfg = Release|Any CPU
		{81A53A5C-4125-4C9F-AF3B-9E9E0ADE443A}.Release|Any CPU.Build.0 = Release|Any CPU
		{9F471D39-75D0-43E4-B6FE-681D74092768}.Debug|Any CPU.ActiveCfg = Debug|Any CPU
		{9F471D39-75D0-43E4-B6FE-681D74092768}.Debug|Any CPU.Build.0 = Debug|Any CPU
		{9F471D39-75D0-43E4-B6FE-681D74092768}.Release|Any CPU.ActiveCfg = Release|Any CPU
		{9F471D39-75D0-43E4-B6FE-681D74092768}.Release|Any CPU.Build.0 = Release|Any CPU
	EndGlobalSection
	GlobalSection(SolutionProperties) = preSolution
		HideSolutionNode = FALSE
	EndGlobalSection
	GlobalSection(NestedProjects) = preSolution
		{EDFC6BE9-AFCB-422F-8059-E2DFF3769733} = {F151FFA9-741A-497B-A5A2-23712144AB7A}
		{81A53A5C-4125-4C9F-AF3B-9E9E0ADE443A} = {CC5335CA-FB2F-4424-9265-0197D4CAC06A}
		{9F471D39-75D0-43E4-B6FE-681D74092768} = {FDBF05A7-CB84-49B8-985E-480330FC0822}
	EndGlobalSection
	GlobalSection(ExtensibilityGlobals) = postSolution
		SolutionGuid = {5505131A-1A38-433C-8449-0D21F4C7B6BF}
	EndGlobalSection
EndGlobal
